
Microsoft Visual Studio Solution File, Format Version 11.00
# Visual Studio 2010
Project("{FAE04EC0-301F-11D3-BF4B-00C04F79EFBC}") = "tekciftsayi", "tekciftsayi\tekciftsayi.csproj", "{23073547-B323-4FBC-8CFE-1F74B672B67E}"
EndProject
Global
	GlobalSection(SolutionConfigurationPlatforms) = preSolution
		Debug|x86 = Debug|x86
		Release|x86 = Release|x86
	EndGlobalSection
	GlobalSection(ProjectConfigurationPlatforms) = postSolution
		{23073547-B323-4FBC-8CFE-1F74B672B67E}.Debug|x86.ActiveCfg = Debug|x86
		{23073547-B323-4FBC-8CFE-1F74B672B67E}.Debug|x86.Build.0 = Debug|x86
		{23073547-B323-4FBC-8CFE-1F74B672B67E}.Release|x86.ActiveCfg = Release|x86
		{23073547-B323-4FBC-8CFE-1F74B672B67E}.Release|x86.Build.0 = Release|x86
	EndGlobalSection
	GlobalSection(SolutionProperties) = preSolution
		HideSolutionNode = FALSE
	EndGlobalSection
EndGlobal
